
Microsoft Visual Studio Solution File, Format Version 12.00
# Visual Studio Version 16
VisualStudioVersion = 16.0.30503.244
MinimumVisualStudioVersion = 10.0.40219.1
Project("{FAE04EC0-301F-11D3-BF4B-00C04F79EFBC}") = "Core.Entities", "Core.Entities\Core.Entities.csproj", "{66342902-3B9D-4AB3-996E-7FADAEB6F029}"
EndProject
Project("{FAE04EC0-301F-11D3-BF4B-00C04F79EFBC}") = "Core.UseCase", "Core.UseCase\Core.UseCase.csproj", "{3CBBFF90-D7AB-4C0F-9072-49BC604B4A5A}"
EndProject
Project("{FAE04EC0-301F-11D3-BF4B-00C04F79EFBC}") = "Infrastructure.Data", "infrastructure.Data\Infrastructure.Data.csproj", "{8822F6AB-3D1E-4AE2-8C59-CF63E0F65A27}"
EndProject
Project("{FAE04EC0-301F-11D3-BF4B-00C04F79EFBC}") = "Infrastructure.System", "Infrastructure.System\Infrastructure.System.csproj", "{97EB7144-5A65-48C4-9EE8-7F939A7EACA8}"
EndProject
Project("{FAE04EC0-301F-11D3-BF4B-00C04F79EFBC}") = "Infrastructure.Security", "Infrastructure.Security\Infrastructure.Security.csproj", "{86D067D1-2925-43F4-8645-8ECE16F20434}"
EndProject
Project("{FAE04EC0-301F-11D3-BF4B-00C04F79EFBC}") = "Application.WebApi", "Application.WebApi\Application.WebApi.csproj", "{8AC55D29-DFDE-48CE-8B55-B7D7A0FBAB8F}"
EndProject
Project("{FAE04EC0-301F-11D3-BF4B-00C04F79EFBC}") = "Infrastructure.Initialization", "Infrastructure.Initialization\Infrastructure.Initialization.csproj", "{E070D842-2F05-4B0C-B285-21679DF5B213}"
EndProject
Project("{FAE04EC0-301F-11D3-BF4B-00C04F79EFBC}") = "Infrastructure.Audit", "Infrastructure.Audit\Infrastructure.Audit.csproj", "{E2EFF71E-B747-447F-9AC1-B30C37DB547C}"
EndProject
Project("{2150E333-8FDC-42A3-9474-1A3956D46DE8}") = "Application.Angular", "Application.Angular", "{1724A55A-B49E-4C4B-A307-6069DBA4850D}"
EndProject
Global
	GlobalSection(SolutionConfigurationPlatforms) = preSolution
		Azure|Any CPU = Azure|Any CPU
		Debug|Any CPU = Debug|Any CPU
		GobCesar|Any CPU = GobCesar|Any CPU
		Release|Any CPU = Release|Any CPU
		SIRCC_IC_TEST|Any CPU = SIRCC_IC_TEST|Any CPU
		SIRCC_IC|Any CPU = SIRCC_IC|Any CPU
		SIRCC_LEC_IC_TEST|Any CPU = SIRCC_LEC_IC_TEST|Any CPU
		SIRCC_LEC_IC|Any CPU = SIRCC_LEC_IC|Any CPU
	EndGlobalSection
	GlobalSection(ProjectConfigurationPlatforms) = postSolution
		{66342902-3B9D-4AB3-996E-7FADAEB6F029}.Azure|Any CPU.ActiveCfg = Release|Any CPU
		{66342902-3B9D-4AB3-996E-7FADAEB6F029}.Azure|Any CPU.Build.0 = Release|Any CPU
		{66342902-3B9D-4AB3-996E-7FADAEB6F029}.Debug|Any CPU.ActiveCfg = Debug|Any CPU
		{66342902-3B9D-4AB3-996E-7FADAEB6F029}.Debug|Any CPU.Build.0 = Debug|Any CPU
		{66342902-3B9D-4AB3-996E-7FADAEB6F029}.GobCesar|Any CPU.ActiveCfg = Release|Any CPU
		{66342902-3B9D-4AB3-996E-7FADAEB6F029}.GobCesar|Any CPU.Build.0 = Release|Any CPU
		{66342902-3B9D-4AB3-996E-7FADAEB6F029}.Release|Any CPU.ActiveCfg = Release|Any CPU
		{66342902-3B9D-4AB3-996E-7FADAEB6F029}.Release|Any CPU.Build.0 = Release|Any CPU
		{66342902-3B9D-4AB3-996E-7FADAEB6F029}.SIRCC_IC_TEST|Any CPU.ActiveCfg = Release|Any CPU
		{66342902-3B9D-4AB3-996E-7FADAEB6F029}.SIRCC_IC_TEST|Any CPU.Build.0 = Release|Any CPU
		{66342902-3B9D-4AB3-996E-7FADAEB6F029}.SIRCC_IC|Any CPU.ActiveCfg = Release|Any CPU
		{66342902-3B9D-4AB3-996E-7FADAEB6F029}.SIRCC_IC|Any CPU.Build.0 = Release|Any CPU
		{66342902-3B9D-4AB3-996E-7FADAEB6F029}.SIRCC_LEC_IC_TEST|Any CPU.ActiveCfg = Release|Any CPU
		{66342902-3B9D-4AB3-996E-7FADAEB6F029}.SIRCC_LEC_IC_TEST|Any CPU.Build.0 = Release|Any CPU
		{66342902-3B9D-4AB3-996E-7FADAEB6F029}.SIRCC_LEC_IC|Any CPU.ActiveCfg = Release|Any CPU
		{66342902-3B9D-4AB3-996E-7FADAEB6F029}.SIRCC_LEC_IC|Any CPU.Build.0 = Release|Any CPU
		{3CBBFF90-D7AB-4C0F-9072-49BC604B4A5A}.Azure|Any CPU.ActiveCfg = Release|Any CPU
		{3CBBFF90-D7AB-4C0F-9072-49BC604B4A5A}.Azure|Any CPU.Build.0 = Release|Any CPU
		{3CBBFF90-D7AB-4C0F-9072-49BC604B4A5A}.Debug|Any CPU.ActiveCfg = Debug|Any CPU
		{3CBBFF90-D7AB-4C0F-9072-49BC604B4A5A}.Debug|Any CPU.Build.0 = Debug|Any CPU
		{3CBBFF90-D7AB-4C0F-9072-49BC604B4A5A}.GobCesar|Any CPU.ActiveCfg = Release|Any CPU
		{3CBBFF90-D7AB-4C0F-9072-49BC604B4A5A}.GobCesar|Any CPU.Build.0 = Release|Any CPU
		{3CBBFF90-D7AB-4C0F-9072-49BC604B4A5A}.Release|Any CPU.ActiveCfg = Release|Any CPU
		{3CBBFF90-D7AB-4C0F-9072-49BC604B4A5A}.Release|Any CPU.Build.0 = Release|Any CPU
		{3CBBFF90-D7AB-4C0F-9072-49BC604B4A5A}.SIRCC_IC_TEST|Any CPU.ActiveCfg = Release|Any CPU
		{3CBBFF90-D7AB-4C0F-9072-49BC604B4A5A}.SIRCC_IC_TEST|Any CPU.Build.0 = Release|Any CPU
		{3CBBFF90-D7AB-4C0F-9072-49BC604B4A5A}.SIRCC_IC|Any CPU.ActiveCfg = Release|Any CPU
		{3CBBFF90-D7AB-4C0F-9072-49BC604B4A5A}.SIRCC_IC|Any CPU.Build.0 = Release|Any CPU
		{3CBBFF90-D7AB-4C0F-9072-49BC604B4A5A}.SIRCC_LEC_IC_TEST|Any CPU.ActiveCfg = Release|Any CPU
		{3CBBFF90-D7AB-4C0F-9072-49BC604B4A5A}.SIRCC_LEC_IC_TEST|Any CPU.Build.0 = Release|Any CPU
		{3CBBFF90-D7AB-4C0F-9072-49BC604B4A5A}.SIRCC_LEC_IC|Any CPU.ActiveCfg = Release|Any CPU
		{3CBBFF90-D7AB-4C0F-9072-49BC604B4A5A}.SIRCC_LEC_IC|Any CPU.Build.0 = Release|Any CPU
		{8822F6AB-3D1E-4AE2-8C59-CF63E0F65A27}.Azure|Any CPU.ActiveCfg = Release|Any CPU
		{8822F6AB-3D1E-4AE2-8C59-CF63E0F65A27}.Azure|Any CPU.Build.0 = Release|Any CPU
		{8822F6AB-3D1E-4AE2-8C59-CF63E0F65A27}.Debug|Any CPU.ActiveCfg = Debug|Any CPU
		{8822F6AB-3D1E-4AE2-8C59-CF63E0F65A27}.Debug|Any CPU.Build.0 = Debug|Any CPU
		{8822F6AB-3D1E-4AE2-8C59-CF63E0F65A27}.GobCesar|Any CPU.ActiveCfg = Release|Any CPU
		{8822F6AB-3D1E-4AE2-8C59-CF63E0F65A27}.GobCesar|Any CPU.Build.0 = Release|Any CPU
		{8822F6AB-3D1E-4AE2-8C59-CF63E0F65A27}.Release|Any CPU.ActiveCfg = Release|Any CPU
		{8822F6AB-3D1E-4AE2-8C59-CF63E0F65A27}.Release|Any CPU.Build.0 = Release|Any CPU
		{8822F6AB-3D1E-4AE2-8C59-CF63E0F65A27}.SIRCC_IC_TEST|Any CPU.ActiveCfg = Release|Any CPU
		{8822F6AB-3D1E-4AE2-8C59-CF63E0F65A27}.SIRCC_IC_TEST|Any CPU.Build.0 = Release|Any CPU
		{8822F6AB-3D1E-4AE2-8C59-CF63E0F65A27}.SIRCC_IC|Any CPU.ActiveCfg = Release|Any CPU
		{8822F6AB-3D1E-4AE2-8C59-CF63E0F65A27}.SIRCC_IC|Any CPU.Build.0 = Release|Any CPU
		{8822F6AB-3D1E-4AE2-8C59-CF63E0F65A27}.SIRCC_LEC_IC_TEST|Any CPU.ActiveCfg = Release|Any CPU
		{8822F6AB-3D1E-4AE2-8C59-CF63E0F65A27}.SIRCC_LEC_IC_TEST|Any CPU.Build.0 = Release|Any CPU
		{8822F6AB-3D1E-4AE2-8C59-CF63E0F65A27}.SIRCC_LEC_IC|Any CPU.ActiveCfg = Release|Any CPU
		{8822F6AB-3D1E-4AE2-8C59-CF63E0F65A27}.SIRCC_LEC_IC|Any CPU.Build.0 = Release|Any CPU
		{97EB7144-5A65-48C4-9EE8-7F939A7EACA8}.Azure|Any CPU.ActiveCfg = Release|Any CPU
		{97EB7144-5A65-48C4-9EE8-7F939A7EACA8}.Azure|Any CPU.Build.0 = Release|Any CPU
		{97EB7144-5A65-48C4-9EE8-7F939A7EACA8}.Debug|Any CPU.ActiveCfg = Debug|Any CPU
		{97EB7144-5A65-48C4-9EE8-7F939A7EACA8}.Debug|Any CPU.Build.0 = Debug|Any CPU
		{97EB7144-5A65-48C4-9EE8-7F939A7EACA8}.GobCesar|Any CPU.ActiveCfg = Release|Any CPU
		{97EB7144-5A65-48C4-9EE8-7F939A7EACA8}.GobCesar|Any CPU.Build.0 = Release|Any CPU
		{97EB7144-5A65-48C4-9EE8-7F939A7EACA8}.Release|Any CPU.ActiveCfg = Release|Any CPU
		{97EB7144-5A65-48C4-9EE8-7F939A7EACA8}.Release|Any CPU.Build.0 = Release|Any CPU
		{97EB7144-5A65-48C4-9EE8-7F939A7EACA8}.SIRCC_IC_TEST|Any CPU.ActiveCfg = Release|Any CPU
		{97EB7144-5A65-48C4-9EE8-7F939A7EACA8}.SIRCC_IC_TEST|Any CPU.Build.0 = Release|Any CPU
		{97EB7144-5A65-48C4-9EE8-7F939A7EACA8}.SIRCC_IC|Any CPU.ActiveCfg = Release|Any CPU
		{97EB7144-5A65-48C4-9EE8-7F939A7EACA8}.SIRCC_IC|Any CPU.Build.0 = Release|Any CPU
		{97EB7144-5A65-48C4-9EE8-7F939A7EACA8}.SIRCC_LEC_IC_TEST|Any CPU.ActiveCfg = Release|Any CPU
		{97EB7144-5A65-48C4-9EE8-7F939A7EACA8}.SIRCC_LEC_IC_TEST|Any CPU.Build.0 = Release|Any CPU
		{97EB7144-5A65-48C4-9EE8-7F939A7EACA8}.SIRCC_LEC_IC|Any CPU.ActiveCfg = Release|Any CPU
		{97EB7144-5A65-48C4-9EE8-7F939A7EACA8}.SIRCC_LEC_IC|Any CPU.Build.0 = Release|Any CPU
		{86D067D1-2925-43F4-8645-8ECE16F20434}.Azure|Any CPU.ActiveCfg = Release|Any CPU
		{86D067D1-2925-43F4-8645-8ECE16F20434}.Azure|Any CPU.Build.0 = Release|Any CPU
		{86D067D1-2925-43F4-8645-8ECE16F20434}.Debug|Any CPU.ActiveCfg = Debug|Any CPU
		{86D067D1-2925-43F4-8645-8ECE16F20434}.Debug|Any CPU.Build.0 = Debug|Any CPU
		{86D067D1-2925-43F4-8645-8ECE16F20434}.GobCesar|Any CPU.ActiveCfg = Release|Any CPU
		{86D067D1-2925-43F4-8645-8ECE16F20434}.GobCesar|Any CPU.Build.0 = Release|Any CPU
		{86D067D1-2925-43F4-8645-8ECE16F20434}.Release|Any CPU.ActiveCfg = Release|Any CPU
		{86D067D1-2925-43F4-8645-8ECE16F20434}.Release|Any CPU.Build.0 = Release|Any CPU
		{86D067D1-2925-43F4-8645-8ECE16F20434}.SIRCC_IC_TEST|Any CPU.ActiveCfg = Release|Any CPU
		{86D067D1-2925-43F4-8645-8ECE16F20434}.SIRCC_IC_TEST|Any CPU.Build.0 = Release|Any CPU
		{86D067D1-2925-43F4-8645-8ECE16F20434}.SIRCC_IC|Any CPU.ActiveCfg = Release|Any CPU
		{86D067D1-2925-43F4-8645-8ECE16F20434}.SIRCC_IC|Any CPU.Build.0 = Release|Any CPU
		{86D067D1-2925-43F4-8645-8ECE16F20434}.SIRCC_LEC_IC_TEST|Any CPU.ActiveCfg = Release|Any CPU
		{86D067D1-2925-43F4-8645-8ECE16F20434}.SIRCC_LEC_IC_TEST|Any CPU.Build.0 = Release|Any CPU
		{86D067D1-2925-43F4-8645-8ECE16F20434}.SIRCC_LEC_IC|Any CPU.ActiveCfg = Release|Any CPU
		{86D067D1-2925-43F4-8645-8ECE16F20434}.SIRCC_LEC_IC|Any CPU.Build.0 = Release|Any CPU
		{8AC55D29-DFDE-48CE-8B55-B7D7A0FBAB8F}.Azure|Any CPU.ActiveCfg = Release|Any CPU
		{8AC55D29-DFDE-48CE-8B55-B7D7A0FBAB8F}.Azure|Any CPU.Build.0 = Release|Any CPU
		{8AC55D29-DFDE-48CE-8B55-B7D7A0FBAB8F}.Debug|Any CPU.ActiveCfg = Debug|Any CPU
		{8AC55D29-DFDE-48CE-8B55-B7D7A0FBAB8F}.Debug|Any CPU.Build.0 = Debug|Any CPU
		{8AC55D29-DFDE-48CE-8B55-B7D7A0FBAB8F}.GobCesar|Any CPU.ActiveCfg = Release|Any CPU
		{8AC55D29-DFDE-48CE-8B55-B7D7A0FBAB8F}.GobCesar|Any CPU.Build.0 = Release|Any CPU
		{8AC55D29-DFDE-48CE-8B55-B7D7A0FBAB8F}.Release|Any CPU.ActiveCfg = Release|Any CPU
		{8AC55D29-DFDE-48CE-8B55-B7D7A0FBAB8F}.Release|Any CPU.Build.0 = Release|Any CPU
		{8AC55D29-DFDE-48CE-8B55-B7D7A0FBAB8F}.SIRCC_IC_TEST|Any CPU.ActiveCfg = Release|Any CPU
		{8AC55D29-DFDE-48CE-8B55-B7D7A0FBAB8F}.SIRCC_IC_TEST|Any CPU.Build.0 = Release|Any CPU
		{8AC55D29-DFDE-48CE-8B55-B7D7A0FBAB8F}.SIRCC_IC|Any CPU.ActiveCfg = Release|Any CPU
		{8AC55D29-DFDE-48CE-8B55-B7D7A0FBAB8F}.SIRCC_IC|Any CPU.Build.0 = Release|Any CPU
		{8AC55D29-DFDE-48CE-8B55-B7D7A0FBAB8F}.SIRCC_LEC_IC_TEST|Any CPU.ActiveCfg = Release|Any CPU
		{8AC55D29-DFDE-48CE-8B55-B7D7A0FBAB8F}.SIRCC_LEC_IC_TEST|Any CPU.Build.0 = Release|Any CPU
		{8AC55D29-DFDE-48CE-8B55-B7D7A0FBAB8F}.SIRCC_LEC_IC|Any CPU.ActiveCfg = Release|Any CPU
		{8AC55D29-DFDE-48CE-8B55-B7D7A0FBAB8F}.SIRCC_LEC_IC|Any CPU.Build.0 = Release|Any CPU
		{E070D842-2F05-4B0C-B285-21679DF5B213}.Azure|Any CPU.ActiveCfg = Release|Any CPU
		{E070D842-2F05-4B0C-B285-21679DF5B213}.Azure|Any CPU.Build.0 = Release|Any CPU
		{E070D842-2F05-4B0C-B285-21679DF5B213}.Debug|Any CPU.ActiveCfg = Debug|Any CPU
		{E070D842-2F05-4B0C-B285-21679DF5B213}.Debug|Any CPU.Build.0 = Debug|Any CPU
		{E070D842-2F05-4B0C-B285-21679DF5B213}.GobCesar|Any CPU.ActiveCfg = Release|Any CPU
		{E070D842-2F05-4B0C-B285-21679DF5B213}.GobCesar|Any CPU.Build.0 = Release|Any CPU
		{E070D842-2F05-4B0C-B285-21679DF5B213}.Release|Any CPU.ActiveCfg = Release|Any CPU
		{E070D842-2F05-4B0C-B285-21679DF5B213}.Release|Any CPU.Build.0 = Release|Any CPU
		{E070D842-2F05-4B0C-B285-21679DF5B213}.SIRCC_IC_TEST|Any CPU.ActiveCfg = Release|Any CPU
		{E070D842-2F05-4B0C-B285-21679DF5B213}.SIRCC_IC_TEST|Any CPU.Build.0 = Release|Any CPU
		{E070D842-2F05-4B0C-B285-21679DF5B213}.SIRCC_IC|Any CPU.ActiveCfg = Release|Any CPU
		{E070D842-2F05-4B0C-B285-21679DF5B213}.SIRCC_IC|Any CPU.Build.0 = Release|Any CPU
		{E070D842-2F05-4B0C-B285-21679DF5B213}.SIRCC_LEC_IC_TEST|Any CPU.ActiveCfg = Release|Any CPU
		{E070D842-2F05-4B0C-B285-21679DF5B213}.SIRCC_LEC_IC_TEST|Any CPU.Build.0 = Release|Any CPU
		{E070D842-2F05-4B0C-B285-21679DF5B213}.SIRCC_LEC_IC|Any CPU.ActiveCfg = Release|Any CPU
		{E070D842-2F05-4B0C-B285-21679DF5B213}.SIRCC_LEC_IC|Any CPU.Build.0 = Release|Any CPU
		{E2EFF71E-B747-447F-9AC1-B30C37DB547C}.Azure|Any CPU.ActiveCfg = Release|Any CPU
		{E2EFF71E-B747-447F-9AC1-B30C37DB547C}.Azure|Any CPU.Build.0 = Release|Any CPU
		{E2EFF71E-B747-447F-9AC1-B30C37DB547C}.Debug|Any CPU.ActiveCfg = Debug|Any CPU
		{E2EFF71E-B747-447F-9AC1-B30C37DB547C}.Debug|Any CPU.Build.0 = Debug|Any CPU
		{E2EFF71E-B747-447F-9AC1-B30C37DB547C}.GobCesar|Any CPU.ActiveCfg = Release|Any CPU
		{E2EFF71E-B747-447F-9AC1-B30C37DB547C}.GobCesar|Any CPU.Build.0 = Release|Any CPU
		{E2EFF71E-B747-447F-9AC1-B30C37DB547C}.Release|Any CPU.ActiveCfg = Release|Any CPU
		{E2EFF71E-B747-447F-9AC1-B30C37DB547C}.Release|Any CPU.Build.0 = Release|Any CPU
		{E2EFF71E-B747-447F-9AC1-B30C37DB547C}.SIRCC_IC_TEST|Any CPU.ActiveCfg = Release|Any CPU
		{E2EFF71E-B747-447F-9AC1-B30C37DB547C}.SIRCC_IC_TEST|Any CPU.Build.0 = Release|Any CPU
		{E2EFF71E-B747-447F-9AC1-B30C37DB547C}.SIRCC_IC|Any CPU.ActiveCfg = Release|Any CPU
		{E2EFF71E-B747-447F-9AC1-B30C37DB547C}.SIRCC_IC|Any CPU.Build.0 = Release|Any CPU
		{E2EFF71E-B747-447F-9AC1-B30C37DB547C}.SIRCC_LEC_IC_TEST|Any CPU.ActiveCfg = Release|Any CPU
		{E2EFF71E-B747-447F-9AC1-B30C37DB547C}.SIRCC_LEC_IC_TEST|Any CPU.Build.0 = Release|Any CPU
		{E2EFF71E-B747-447F-9AC1-B30C37DB547C}.SIRCC_LEC_IC|Any CPU.ActiveCfg = Release|Any CPU
		{E2EFF71E-B747-447F-9AC1-B30C37DB547C}.SIRCC_LEC_IC|Any CPU.Build.0 = Release|Any CPU
	EndGlobalSection
	GlobalSection(SolutionProperties) = preSolution
		HideSolutionNode = FALSE
	EndGlobalSection
	GlobalSection(ExtensibilityGlobals) = postSolution
		SolutionGuid = {44939A72-2BB9-4CAD-8380-898B80AB6D13}
	EndGlobalSection
EndGlobal
