
Microsoft Visual Studio Solution File, Format Version 12.00
# Visual Studio Version 16
VisualStudioVersion = 16.0.30503.244
MinimumVisualStudioVersion = 10.0.40219.1
Project("{FAE04EC0-301F-11D3-BF4B-00C04F79EFBC}") = "Domain", "Domain\Domain.csproj", "{D02A9EC4-99BE-49A5-81B4-97E7F22BC892}"
EndProject
Project("{FAE04EC0-301F-11D3-BF4B-00C04F79EFBC}") = "Domain.Console", "Domain.Console\Domain.Console.csproj", "{FBD78B2F-EB8D-4A4A-A4DC-3E952E57DEB0}"
EndProject
Global
	GlobalSection(SolutionConfigurationPlatforms) = preSolution
		Azure|Any CPU = Azure|Any CPU
		Debug|Any CPU = Debug|Any CPU
		GobCesar|Any CPU = GobCesar|Any CPU
		Release|Any CPU = Release|Any CPU
		SIRCC_IC_TEST|Any CPU = SIRCC_IC_TEST|Any CPU
		SIRCC_IC|Any CPU = SIRCC_IC|Any CPU
		SIRCC_LEC_IC_TEST|Any CPU = SIRCC_LEC_IC_TEST|Any CPU
		SIRCC_LEC_IC|Any CPU = SIRCC_LEC_IC|Any CPU
	EndGlobalSection
	GlobalSection(ProjectConfigurationPlatforms) = postSolution
		{D02A9EC4-99BE-49A5-81B4-97E7F22BC892}.Azure|Any CPU.ActiveCfg = Debug|Any CPU
		{D02A9EC4-99BE-49A5-81B4-97E7F22BC892}.Azure|Any CPU.Build.0 = Debug|Any CPU
		{D02A9EC4-99BE-49A5-81B4-97E7F22BC892}.Debug|Any CPU.ActiveCfg = Debug|Any CPU
		{D02A9EC4-99BE-49A5-81B4-97E7F22BC892}.Debug|Any CPU.Build.0 = Debug|Any CPU
		{D02A9EC4-99BE-49A5-81B4-97E7F22BC892}.GobCesar|Any CPU.ActiveCfg = Debug|Any CPU
		{D02A9EC4-99BE-49A5-81B4-97E7F22BC892}.GobCesar|Any CPU.Build.0 = Debug|Any CPU
		{D02A9EC4-99BE-49A5-81B4-97E7F22BC892}.Release|Any CPU.ActiveCfg = Release|Any CPU
		{D02A9EC4-99BE-49A5-81B4-97E7F22BC892}.Release|Any CPU.Build.0 = Release|Any CPU
		{D02A9EC4-99BE-49A5-81B4-97E7F22BC892}.SIRCC_IC_TEST|Any CPU.ActiveCfg = Debug|Any CPU
		{D02A9EC4-99BE-49A5-81B4-97E7F22BC892}.SIRCC_IC_TEST|Any CPU.Build.0 = Debug|Any CPU
		{D02A9EC4-99BE-49A5-81B4-97E7F22BC892}.SIRCC_IC|Any CPU.ActiveCfg = Debug|Any CPU
		{D02A9EC4-99BE-49A5-81B4-97E7F22BC892}.SIRCC_IC|Any CPU.Build.0 = Debug|Any CPU
		{D02A9EC4-99BE-49A5-81B4-97E7F22BC892}.SIRCC_LEC_IC_TEST|Any CPU.ActiveCfg = Debug|Any CPU
		{D02A9EC4-99BE-49A5-81B4-97E7F22BC892}.SIRCC_LEC_IC_TEST|Any CPU.Build.0 = Debug|Any CPU
		{D02A9EC4-99BE-49A5-81B4-97E7F22BC892}.SIRCC_LEC_IC|Any CPU.ActiveCfg = Debug|Any CPU
		{D02A9EC4-99BE-49A5-81B4-97E7F22BC892}.SIRCC_LEC_IC|Any CPU.Build.0 = Debug|Any CPU
		{FBD78B2F-EB8D-4A4A-A4DC-3E952E57DEB0}.Azure|Any CPU.ActiveCfg = Debug|Any CPU
		{FBD78B2F-EB8D-4A4A-A4DC-3E952E57DEB0}.Azure|Any CPU.Build.0 = Debug|Any CPU
		{FBD78B2F-EB8D-4A4A-A4DC-3E952E57DEB0}.Debug|Any CPU.ActiveCfg = Debug|Any CPU
		{FBD78B2F-EB8D-4A4A-A4DC-3E952E57DEB0}.Debug|Any CPU.Build.0 = Debug|Any CPU
		{FBD78B2F-EB8D-4A4A-A4DC-3E952E57DEB0}.GobCesar|Any CPU.ActiveCfg = Debug|Any CPU
		{FBD78B2F-EB8D-4A4A-A4DC-3E952E57DEB0}.GobCesar|Any CPU.Build.0 = Debug|Any CPU
		{FBD78B2F-EB8D-4A4A-A4DC-3E952E57DEB0}.Release|Any CPU.ActiveCfg = Release|Any CPU
		{FBD78B2F-EB8D-4A4A-A4DC-3E952E57DEB0}.Release|Any CPU.Build.0 = Release|Any CPU
		{FBD78B2F-EB8D-4A4A-A4DC-3E952E57DEB0}.SIRCC_IC_TEST|Any CPU.ActiveCfg = Debug|Any CPU
		{FBD78B2F-EB8D-4A4A-A4DC-3E952E57DEB0}.SIRCC_IC_TEST|Any CPU.Build.0 = Debug|Any CPU
		{FBD78B2F-EB8D-4A4A-A4DC-3E952E57DEB0}.SIRCC_IC|Any CPU.ActiveCfg = Debug|Any CPU
		{FBD78B2F-EB8D-4A4A-A4DC-3E952E57DEB0}.SIRCC_IC|Any CPU.Build.0 = Debug|Any CPU
		{FBD78B2F-EB8D-4A4A-A4DC-3E952E57DEB0}.SIRCC_LEC_IC_TEST|Any CPU.ActiveCfg = Debug|Any CPU
		{FBD78B2F-EB8D-4A4A-A4DC-3E952E57DEB0}.SIRCC_LEC_IC_TEST|Any CPU.Build.0 = Debug|Any CPU
		{FBD78B2F-EB8D-4A4A-A4DC-3E952E57DEB0}.SIRCC_LEC_IC|Any CPU.ActiveCfg = Debug|Any CPU
		{FBD78B2F-EB8D-4A4A-A4DC-3E952E57DEB0}.SIRCC_LEC_IC|Any CPU.Build.0 = Debug|Any CPU
	EndGlobalSection
	GlobalSection(SolutionProperties) = preSolution
		HideSolutionNode = FALSE
	EndGlobalSection
	GlobalSection(ExtensibilityGlobals) = postSolution
		SolutionGuid = {44939A72-2BB9-4CAD-8380-898B80AB6D13}
	EndGlobalSection
EndGlobal
